
Microsoft Visual Studio Solution File, Format Version 12.00
# Visual Studio Version 17
VisualStudioVersion = 17.5.33502.453
MinimumVisualStudioVersion = 10.0.40219.1
Project("{FAE04EC0-301F-11D3-BF4B-00C04F79EFBC}") = "Final - OOP", "Final - OOP.csproj", "{A1563E83-F394-40A8-87D5-14267AC28477}"
EndProject
Global
	GlobalSection(SolutionConfigurationPlatforms) = preSolution
		Debug|Any CPU = Debug|Any CPU
		Release|Any CPU = Release|Any CPU
	EndGlobalSection
	GlobalSection(ProjectConfigurationPlatforms) = postSolution
		{A1563E83-F394-40A8-87D5-14267AC28477}.Debug|Any CPU.ActiveCfg = Debug|Any CPU
		{A1563E83-F394-40A8-87D5-14267AC28477}.Debug|Any CPU.Build.0 = Debug|Any CPU
		{A1563E83-F394-40A8-87D5-14267AC28477}.Release|Any CPU.ActiveCfg = Release|Any CPU
		{A1563E83-F394-40A8-87D5-14267AC28477}.Release|Any CPU.Build.0 = Release|Any CPU
	EndGlobalSection
	GlobalSection(SolutionProperties) = preSolution
		HideSolutionNode = FALSE
	EndGlobalSection
	GlobalSection(ExtensibilityGlobals) = postSolution
		SolutionGuid = {E9FFCD7B-395D-434A-8555-BB02D54C11F3}
	EndGlobalSection
EndGlobal
